
Microsoft Visual Studio Solution File, Format Version 12.00
# Visual Studio Version 17
VisualStudioVersion = 17.0.31903.59
MinimumVisualStudioVersion = 10.0.40219.1
Project("{2150E333-8FDC-42A3-9474-1A3956D46DE8}") = "src", "src", "{827E0CD3-B72D-47B6-A68D-7590B98EB39B}"
EndProject
Project("{FAE04EC0-301F-11D3-BF4B-00C04F79EFBC}") = "Chord.Core", "src\Chord.Core\Chord.Core.csproj", "{7ABBEE96-6E09-4AC4-BFFC-190076255222}"
EndProject
Project("{FAE04EC0-301F-11D3-BF4B-00C04F79EFBC}") = "Chord.Store.InMemory", "src\Chord.Store.InMemory\Chord.Store.InMemory.csproj", "{5760595F-6321-4361-AA6F-7FFB61DA6263}"
EndProject
Project("{FAE04EC0-301F-11D3-BF4B-00C04F79EFBC}") = "Chord.Store.PostgreSql", "src\Chord.Store.PostgreSql\Chord.Store.PostgreSql.csproj", "{5CD59197-E546-4826-8B33-6E4FDFC97EB9}"
EndProject
Project("{FAE04EC0-301F-11D3-BF4B-00C04F79EFBC}") = "Chord.Messaging.RabitMQ", "src\Chord.Messaging.RabitMQ\Chord.Messaging.RabitMQ.csproj", "{BE783409-A30D-41A0-83B8-AAFF954106AF}"
EndProject
Project("{2150E333-8FDC-42A3-9474-1A3956D46DE8}") = "test", "test", "{0C88DD14-F956-CE84-757C-A364CCF449FC}"
EndProject
Project("{FAE04EC0-301F-11D3-BF4B-00C04F79EFBC}") = "Chord.Tests.Registration", "test\Chord.Tests.Registration\Chord.Tests.Registration.csproj", "{E2F828C7-DC1F-4CFD-81AB-2B85ACC71A98}"
EndProject
Project("{FAE04EC0-301F-11D3-BF4B-00C04F79EFBC}") = "Chord.Messaging.Kafka", "src\Chord.Messaging.Kafka\Chord.Messaging.Kafka.csproj", "{A9CEF6AA-1048-4887-AE66-50EE74423C85}"
EndProject
Project("{2150E333-8FDC-42A3-9474-1A3956D46DE8}") = "demo", "demo", "{02EA681E-C7D8-13C7-8484-4AC65E1B71E8}"
EndProject
Project("{FAE04EC0-301F-11D3-BF4B-00C04F79EFBC}") = "Service.Order", "demo\Service.Order\Service.Order.csproj", "{11FE3E1D-DA98-43F9-9FDA-D7047ABFDEE0}"
EndProject
Global
	GlobalSection(SolutionConfigurationPlatforms) = preSolution
		Debug|Any CPU = Debug|Any CPU
		Debug|x64 = Debug|x64
		Debug|x86 = Debug|x86
		Release|Any CPU = Release|Any CPU
		Release|x64 = Release|x64
		Release|x86 = Release|x86
	EndGlobalSection
	GlobalSection(ProjectConfigurationPlatforms) = postSolution
		{7ABBEE96-6E09-4AC4-BFFC-190076255222}.Debug|Any CPU.ActiveCfg = Debug|Any CPU
		{7ABBEE96-6E09-4AC4-BFFC-190076255222}.Debug|Any CPU.Build.0 = Debug|Any CPU
		{7ABBEE96-6E09-4AC4-BFFC-190076255222}.Debug|x64.ActiveCfg = Debug|Any CPU
		{7ABBEE96-6E09-4AC4-BFFC-190076255222}.Debug|x64.Build.0 = Debug|Any CPU
		{7ABBEE96-6E09-4AC4-BFFC-190076255222}.Debug|x86.ActiveCfg = Debug|Any CPU
		{7ABBEE96-6E09-4AC4-BFFC-190076255222}.Debug|x86.Build.0 = Debug|Any CPU
		{7ABBEE96-6E09-4AC4-BFFC-190076255222}.Release|Any CPU.ActiveCfg = Release|Any CPU
		{7ABBEE96-6E09-4AC4-BFFC-190076255222}.Release|Any CPU.Build.0 = Release|Any CPU
		{7ABBEE96-6E09-4AC4-BFFC-190076255222}.Release|x64.ActiveCfg = Release|Any CPU
		{7ABBEE96-6E09-4AC4-BFFC-190076255222}.Release|x64.Build.0 = Release|Any CPU
		{7ABBEE96-6E09-4AC4-BFFC-190076255222}.Release|x86.ActiveCfg = Release|Any CPU
		{7ABBEE96-6E09-4AC4-BFFC-190076255222}.Release|x86.Build.0 = Release|Any CPU
		{5760595F-6321-4361-AA6F-7FFB61DA6263}.Debug|Any CPU.ActiveCfg = Debug|Any CPU
		{5760595F-6321-4361-AA6F-7FFB61DA6263}.Debug|Any CPU.Build.0 = Debug|Any CPU
		{5760595F-6321-4361-AA6F-7FFB61DA6263}.Debug|x64.ActiveCfg = Debug|Any CPU
		{5760595F-6321-4361-AA6F-7FFB61DA6263}.Debug|x64.Build.0 = Debug|Any CPU
		{5760595F-6321-4361-AA6F-7FFB61DA6263}.Debug|x86.ActiveCfg = Debug|Any CPU
		{5760595F-6321-4361-AA6F-7FFB61DA6263}.Debug|x86.Build.0 = Debug|Any CPU
		{5760595F-6321-4361-AA6F-7FFB61DA6263}.Release|Any CPU.ActiveCfg = Release|Any CPU
		{5760595F-6321-4361-AA6F-7FFB61DA6263}.Release|Any CPU.Build.0 = Release|Any CPU
		{5760595F-6321-4361-AA6F-7FFB61DA6263}.Release|x64.ActiveCfg = Release|Any CPU
		{5760595F-6321-4361-AA6F-7FFB61DA6263}.Release|x64.Build.0 = Release|Any CPU
		{5760595F-6321-4361-AA6F-7FFB61DA6263}.Release|x86.ActiveCfg = Release|Any CPU
		{5760595F-6321-4361-AA6F-7FFB61DA6263}.Release|x86.Build.0 = Release|Any CPU
		{5CD59197-E546-4826-8B33-6E4FDFC97EB9}.Debug|Any CPU.ActiveCfg = Debug|Any CPU
		{5CD59197-E546-4826-8B33-6E4FDFC97EB9}.Debug|Any CPU.Build.0 = Debug|Any CPU
		{5CD59197-E546-4826-8B33-6E4FDFC97EB9}.Debug|x64.ActiveCfg = Debug|Any CPU
		{5CD59197-E546-4826-8B33-6E4FDFC97EB9}.Debug|x64.Build.0 = Debug|Any CPU
		{5CD59197-E546-4826-8B33-6E4FDFC97EB9}.Debug|x86.ActiveCfg = Debug|Any CPU
		{5CD59197-E546-4826-8B33-6E4FDFC97EB9}.Debug|x86.Build.0 = Debug|Any CPU
		{5CD59197-E546-4826-8B33-6E4FDFC97EB9}.Release|Any CPU.ActiveCfg = Release|Any CPU
		{5CD59197-E546-4826-8B33-6E4FDFC97EB9}.Release|Any CPU.Build.0 = Release|Any CPU
		{5CD59197-E546-4826-8B33-6E4FDFC97EB9}.Release|x64.ActiveCfg = Release|Any CPU
		{5CD59197-E546-4826-8B33-6E4FDFC97EB9}.Release|x64.Build.0 = Release|Any CPU
		{5CD59197-E546-4826-8B33-6E4FDFC97EB9}.Release|x86.ActiveCfg = Release|Any CPU
		{5CD59197-E546-4826-8B33-6E4FDFC97EB9}.Release|x86.Build.0 = Release|Any CPU
		{BE783409-A30D-41A0-83B8-AAFF954106AF}.Debug|Any CPU.ActiveCfg = Debug|Any CPU
		{BE783409-A30D-41A0-83B8-AAFF954106AF}.Debug|Any CPU.Build.0 = Debug|Any CPU
		{BE783409-A30D-41A0-83B8-AAFF954106AF}.Debug|x64.ActiveCfg = Debug|Any CPU
		{BE783409-A30D-41A0-83B8-AAFF954106AF}.Debug|x64.Build.0 = Debug|Any CPU
		{BE783409-A30D-41A0-83B8-AAFF954106AF}.Debug|x86.ActiveCfg = Debug|Any CPU
		{BE783409-A30D-41A0-83B8-AAFF954106AF}.Debug|x86.Build.0 = Debug|Any CPU
		{BE783409-A30D-41A0-83B8-AAFF954106AF}.Release|Any CPU.ActiveCfg = Release|Any CPU
		{BE783409-A30D-41A0-83B8-AAFF954106AF}.Release|Any CPU.Build.0 = Release|Any CPU
		{BE783409-A30D-41A0-83B8-AAFF954106AF}.Release|x64.ActiveCfg = Release|Any CPU
		{BE783409-A30D-41A0-83B8-AAFF954106AF}.Release|x64.Build.0 = Release|Any CPU
	{BE783409-A30D-41A0-83B8-AAFF954106AF}.Release|x86.ActiveCfg = Release|Any CPU
	{BE783409-A30D-41A0-83B8-AAFF954106AF}.Release|x86.Build.0 = Release|Any CPU
	{E2F828C7-DC1F-4CFD-81AB-2B85ACC71A98}.Debug|Any CPU.ActiveCfg = Debug|Any CPU
	{E2F828C7-DC1F-4CFD-81AB-2B85ACC71A98}.Debug|Any CPU.Build.0 = Debug|Any CPU
	{E2F828C7-DC1F-4CFD-81AB-2B85ACC71A98}.Debug|x64.ActiveCfg = Debug|Any CPU
	{E2F828C7-DC1F-4CFD-81AB-2B85ACC71A98}.Debug|x64.Build.0 = Debug|Any CPU
	{E2F828C7-DC1F-4CFD-81AB-2B85ACC71A98}.Debug|x86.ActiveCfg = Debug|Any CPU
	{E2F828C7-DC1F-4CFD-81AB-2B85ACC71A98}.Debug|x86.Build.0 = Debug|Any CPU
	{E2F828C7-DC1F-4CFD-81AB-2B85ACC71A98}.Release|Any CPU.ActiveCfg = Release|Any CPU
	{E2F828C7-DC1F-4CFD-81AB-2B85ACC71A98}.Release|Any CPU.Build.0 = Release|Any CPU
	{E2F828C7-DC1F-4CFD-81AB-2B85ACC71A98}.Release|x64.ActiveCfg = Release|Any CPU
	{E2F828C7-DC1F-4CFD-81AB-2B85ACC71A98}.Release|x64.Build.0 = Release|Any CPU
	{E2F828C7-DC1F-4CFD-81AB-2B85ACC71A98}.Release|x86.ActiveCfg = Release|Any CPU
	{E2F828C7-DC1F-4CFD-81AB-2B85ACC71A98}.Release|x86.Build.0 = Release|Any CPU
		{A9CEF6AA-1048-4887-AE66-50EE74423C85}.Debug|Any CPU.ActiveCfg = Debug|Any CPU
		{A9CEF6AA-1048-4887-AE66-50EE74423C85}.Debug|Any CPU.Build.0 = Debug|Any CPU
		{A9CEF6AA-1048-4887-AE66-50EE74423C85}.Debug|x64.ActiveCfg = Debug|Any CPU
		{A9CEF6AA-1048-4887-AE66-50EE74423C85}.Debug|x64.Build.0 = Debug|Any CPU
		{A9CEF6AA-1048-4887-AE66-50EE74423C85}.Debug|x86.ActiveCfg = Debug|Any CPU
		{A9CEF6AA-1048-4887-AE66-50EE74423C85}.Debug|x86.Build.0 = Debug|Any CPU
		{A9CEF6AA-1048-4887-AE66-50EE74423C85}.Release|Any CPU.ActiveCfg = Release|Any CPU
		{A9CEF6AA-1048-4887-AE66-50EE74423C85}.Release|Any CPU.Build.0 = Release|Any CPU
		{A9CEF6AA-1048-4887-AE66-50EE74423C85}.Release|x64.ActiveCfg = Release|Any CPU
		{A9CEF6AA-1048-4887-AE66-50EE74423C85}.Release|x64.Build.0 = Release|Any CPU
		{A9CEF6AA-1048-4887-AE66-50EE74423C85}.Release|x86.ActiveCfg = Release|Any CPU
		{A9CEF6AA-1048-4887-AE66-50EE74423C85}.Release|x86.Build.0 = Release|Any CPU
		{11FE3E1D-DA98-43F9-9FDA-D7047ABFDEE0}.Debug|Any CPU.ActiveCfg = Debug|Any CPU
		{11FE3E1D-DA98-43F9-9FDA-D7047ABFDEE0}.Debug|Any CPU.Build.0 = Debug|Any CPU
		{11FE3E1D-DA98-43F9-9FDA-D7047ABFDEE0}.Debug|x64.ActiveCfg = Debug|Any CPU
		{11FE3E1D-DA98-43F9-9FDA-D7047ABFDEE0}.Debug|x64.Build.0 = Debug|Any CPU
		{11FE3E1D-DA98-43F9-9FDA-D7047ABFDEE0}.Debug|x86.ActiveCfg = Debug|Any CPU
		{11FE3E1D-DA98-43F9-9FDA-D7047ABFDEE0}.Debug|x86.Build.0 = Debug|Any CPU
		{11FE3E1D-DA98-43F9-9FDA-D7047ABFDEE0}.Release|Any CPU.ActiveCfg = Release|Any CPU
		{11FE3E1D-DA98-43F9-9FDA-D7047ABFDEE0}.Release|Any CPU.Build.0 = Release|Any CPU
		{11FE3E1D-DA98-43F9-9FDA-D7047ABFDEE0}.Release|x64.ActiveCfg = Release|Any CPU
		{11FE3E1D-DA98-43F9-9FDA-D7047ABFDEE0}.Release|x64.Build.0 = Release|Any CPU
		{11FE3E1D-DA98-43F9-9FDA-D7047ABFDEE0}.Release|x86.ActiveCfg = Release|Any CPU
		{11FE3E1D-DA98-43F9-9FDA-D7047ABFDEE0}.Release|x86.Build.0 = Release|Any CPU
	EndGlobalSection
	GlobalSection(SolutionProperties) = preSolution
		HideSolutionNode = FALSE
	EndGlobalSection
	GlobalSection(NestedProjects) = preSolution
		{7ABBEE96-6E09-4AC4-BFFC-190076255222} = {827E0CD3-B72D-47B6-A68D-7590B98EB39B}
		{5760595F-6321-4361-AA6F-7FFB61DA6263} = {827E0CD3-B72D-47B6-A68D-7590B98EB39B}
		{5CD59197-E546-4826-8B33-6E4FDFC97EB9} = {827E0CD3-B72D-47B6-A68D-7590B98EB39B}
		{BE783409-A30D-41A0-83B8-AAFF954106AF} = {827E0CD3-B72D-47B6-A68D-7590B98EB39B}
	{A9CEF6AA-1048-4887-AE66-50EE74423C85} = {827E0CD3-B72D-47B6-A68D-7590B98EB39B}
	{11FE3E1D-DA98-43F9-9FDA-D7047ABFDEE0} = {02EA681E-C7D8-13C7-8484-4AC65E1B71E8}
	{E2F828C7-DC1F-4CFD-81AB-2B85ACC71A98} = {0C88DD14-F956-CE84-757C-A364CCF449FC}
EndGlobalSection
	GlobalSection(ExtensibilityGlobals) = postSolution
		SolutionGuid = {94DC0EC9-A23E-476B-926C-9786E8C1D111}
	EndGlobalSection
EndGlobal
